{
  "name": "@idgen/famous-quotes-downstream",
  "version": "0.1.0",
  "lockfileVersion": 1,
  "requires": true,
  "dependencies": {
    "@idgen/famous-quotes": {
      "version": "0.1.1",
      "resolved": "https://npm.idgen.com/@idgen%2ffamous-quotes/-/famous-quotes-0.1.1.tgz",
      "integrity": "sha512-4V8uGcBjW4vj+s4b4QL789fZWJsPP84nRk2RllJJXwaXUIkHAfkmxkG7NGA4HCiJNhESxVUWenYMPdiiA1KuQg=="
    }
  }
}
