{
  "name": "@idgen/famous-quotes-downstream",
  "version": "0.1.0",
  "lockfileVersion": 1,
  "requires": true,
  "dependencies": {
    "@idgen/famous-quotes": {
      "version": "0.1.2",
      "resolved": "https://npm.idgen.com/@idgen%2ffamous-quotes/-/famous-quotes-0.1.2.tgz",
      "integrity": "sha512-QatoJa1YIAB+667FJaEwgUT1hrL3QpHOFRPGPA/dH7HHFGxuMJY8P3RYrjtJ0oWM3myT9Ct3Ch50WiHIbYBoQw=="
    }
  }
}
